lockfileVersion: '6.0'

settings:
  autoInstallPeers: true
  excludeLinksFromLockfile: false

importers:

  .:
    devDependencies:
      rollup:
        specifier: ^3.25.1
        version: registry.npmmirror.com/rollup@3.25.1
      tdesign-vue:
        specifier: 1.4.4-naruto
        version: registry.npmmirror.com/tdesign-vue@1.4.4-naruto(vue@2.7.14)
      vue:
        specifier: 2.7.14
        version: registry.npmmirror.com/vue@2.7.14

  packages/icon: {}

  packages/markd-editor:
    dependencies:
      wangeditor:
        specifier: 4.7.15
        version: registry.npmmirror.com/wangeditor@4.7.15

packages:

  registry.npmmirror.com/@babel/helper-string-parser@7.22.5:
    resolution: {integrity: sha512-mM4COjgZox8U+JcXQwPijIZLElkgEpO5rsERVDJTc2qfCDfERyob6k5WegS14SX18IIjv+XD+GrqNumY5JRCDw==, registry: https://registry.npm.taobao.org/, tarball: https://registry.npmmirror.com/@babel/helper-string-parser/-/helper-string-parser-7.22.5.tgz}
    name: '@babel/helper-string-parser'
    version: 7.22.5
    engines: {node: '>=6.9.0'}
    dev: true

  registry.npmmirror.com/@babel/helper-validator-identifier@7.22.5:
    resolution: {integrity: sha512-aJXu+6lErq8ltp+JhkJUfk1MTGyuA4v7f3pA+BJ5HLfNC6nAQ0Cpi9uOquUj8Hehg0aUiHzWQbOVJGao6ztBAQ==, registry: https://registry.npm.taobao.org/, tarball: https://registry.npmmirror.com/@babel/helper-validator-identifier/-/helper-validator-identifier-7.22.5.tgz}
    name: '@babel/helper-validator-identifier'
    version: 7.22.5
    engines: {node: '>=6.9.0'}
    dev: true

  registry.npmmirror.com/@babel/parser@7.22.5:
    resolution: {integrity: sha512-DFZMC9LJUG9PLOclRC32G63UXwzqS2koQC8dkx+PLdmt1xSePYpbT/NbsrJy8Q/muXz7o/h/d4A7Fuyixm559Q==, registry: https://registry.npm.taobao.org/, tarball: https://registry.npmmirror.com/@babel/parser/-/parser-7.22.5.tgz}
    name: '@babel/parser'
    version: 7.22.5
    engines: {node: '>=6.0.0'}
    hasBin: true
    dependencies:
      '@babel/types': registry.npmmirror.com/@babel/types@7.22.5
    dev: true

  registry.npmmirror.com/@babel/runtime-corejs3@7.22.5:
    resolution: {integrity: sha512-TNPDN6aBFaUox2Lu+H/Y1dKKQgr4ucz/FGyCz67RVYLsBpVpUFf1dDngzg+Od8aqbrqwyztkaZjtWCZEUOT8zA==, registry: https://registry.npm.taobao.org/, tarball: https://registry.npmmirror.com/@babel/runtime-corejs3/-/runtime-corejs3-7.22.5.tgz}
    name: '@babel/runtime-corejs3'
    version: 7.22.5
    engines: {node: '>=6.9.0'}
    dependencies:
      core-js-pure: registry.npmmirror.com/core-js-pure@3.31.0
      regenerator-runtime: registry.npmmirror.com/regenerator-runtime@0.13.11
    dev: false

  registry.npmmirror.com/@babel/runtime@7.22.5:
    resolution: {integrity: sha512-ecjvYlnAaZ/KVneE/OdKYBYfgXV3Ptu6zQWmgEF7vwKhQnvVS6bjMD2XYgj+SNvQ1GfK/pjgokfPkC/2CO8CuA==, registry: https://registry.npm.taobao.org/, tarball: https://registry.npmmirror.com/@babel/runtime/-/runtime-7.22.5.tgz}
    name: '@babel/runtime'
    version: 7.22.5
    engines: {node: '>=6.9.0'}
    dependencies:
      regenerator-runtime: registry.npmmirror.com/regenerator-runtime@0.13.11

  registry.npmmirror.com/@babel/types@7.22.5:
    resolution: {integrity: sha512-zo3MIHGOkPOfoRXitsgHLjEXmlDaD/5KU1Uzuc9GNiZPhSqVxVRtxuPaSBZDsYZ9qV88AjtMtWW7ww98loJ9KA==, registry: https://registry.npm.taobao.org/, tarball: https://registry.npmmirror.com/@babel/types/-/types-7.22.5.tgz}
    name: '@babel/types'
    version: 7.22.5
    engines: {node: '>=6.9.0'}
    dependencies:
      '@babel/helper-string-parser': registry.npmmirror.com/@babel/helper-string-parser@7.22.5
      '@babel/helper-validator-identifier': registry.npmmirror.com/@babel/helper-validator-identifier@7.22.5
      to-fast-properties: registry.npmmirror.com/to-fast-properties@2.0.0
    dev: true

  registry.npmmirror.com/@popperjs/core@2.11.8:
    resolution: {integrity: sha512-P1st0aksCrn9sGZhp8GMYwBnQsbvAWsZAX44oXNNvLHGqAOcoVxmjZiohstwQ7SqKnbR47akdNi+uleWD8+g6A==, registry: https://registry.npm.taobao.org/, tarball: https://registry.npmmirror.com/@popperjs/core/-/core-2.11.8.tgz}
    name: '@popperjs/core'
    version: 2.11.8
    dev: true

  registry.npmmirror.com/@types/clipboard@2.0.7:
    resolution: {integrity: sha512-VwVFUHlneOsWfv/GaaY7Kwk4XasDqkAlyFQtsHxnOw0yyBYWTrlEXtmb9RtC+VFBCdtuOeIXECmELNd5RrKp/g==, registry: https://registry.npm.taobao.org/, tarball: https://registry.npmmirror.com/@types/clipboard/-/clipboard-2.0.7.tgz}
    name: '@types/clipboard'
    version: 2.0.7
    deprecated: This is a stub types definition. clipboard provides its own type definitions, so you do not need this installed.
    dependencies:
      clipboard: registry.npmmirror.com/clipboard@2.0.11
    dev: true

  registry.npmmirror.com/@types/lodash@4.14.182:
    resolution: {integrity: sha512-/THyiqyQAP9AfARo4pF+aCGcyiQ94tX/Is2I7HofNRqoYLgN1PBoOWu2/zTA5zMxzP5EFutMtWtGAFRKUe961Q==, registry: https://registry.npm.taobao.org/, tarball: https://registry.npmmirror.com/@types/lodash/-/lodash-4.14.182.tgz}
    name: '@types/lodash'
    version: 4.14.182
    dev: true

  registry.npmmirror.com/@types/raf@3.4.0:
    resolution: {integrity: sha512-taW5/WYqo36N7V39oYyHP9Ipfd5pNFvGTIQsNGj86xV88YQ7GnI30/yMfKDF7Zgin0m3e+ikX88FvImnK4RjGw==, registry: https://registry.npm.taobao.org/, tarball: https://registry.npmmirror.com/@types/raf/-/raf-3.4.0.tgz}
    name: '@types/raf'
    version: 3.4.0
    dev: true

  registry.npmmirror.com/@types/sortablejs@1.15.1:
    resolution: {integrity: sha512-g/JwBNToh6oCTAwNS8UGVmjO7NLDKsejVhvE4x1eWiPTC3uCuNsa/TD4ssvX3du+MLiM+SHPNDuijp8y76JzLQ==, registry: https://registry.npm.taobao.org/, tarball: https://registry.npmmirror.com/@types/sortablejs/-/sortablejs-1.15.1.tgz}
    name: '@types/sortablejs'
    version: 1.15.1
    dev: true

  registry.npmmirror.com/@types/tinycolor2@1.4.3:
    resolution: {integrity: sha512-Kf1w9NE5HEgGxCRyIcRXR/ZYtDv0V8FVPtYHwLxl0O+maGX0erE77pQlD0gpP+/KByMZ87mOA79SjifhSB3PjQ==, registry: https://registry.npm.taobao.org/, tarball: https://registry.npmmirror.com/@types/tinycolor2/-/tinycolor2-1.4.3.tgz}
    name: '@types/tinycolor2'
    version: 1.4.3
    dev: true

  registry.npmmirror.com/@types/validator@13.7.17:
    resolution: {integrity: sha512-aqayTNmeWrZcvnG2MG9eGYI6b7S5fl+yKgPs6bAjOTwPS316R5SxBGKvtSExfyoJU7pIeHJfsHI0Ji41RVMkvQ==, registry: https://registry.npm.taobao.org/, tarball: https://registry.npmmirror.com/@types/validator/-/validator-13.7.17.tgz}
    name: '@types/validator'
    version: 13.7.17
    dev: true

  registry.npmmirror.com/@vue/compiler-sfc@2.7.14:
    resolution: {integrity: sha512-aNmNHyLPsw+sVvlQFQ2/8sjNuLtK54TC6cuKnVzAY93ks4ZBrvwQSnkkIh7bsbNhum5hJBS00wSDipQ937f5DA==, registry: https://registry.npm.taobao.org/, tarball: https://registry.npmmirror.com/@vue/compiler-sfc/-/compiler-sfc-2.7.14.tgz}
    name: '@vue/compiler-sfc'
    version: 2.7.14
    dependencies:
      '@babel/parser': registry.npmmirror.com/@babel/parser@7.22.5
      postcss: registry.npmmirror.com/postcss@8.4.24
      source-map: registry.npmmirror.com/source-map@0.6.1
    dev: true

  registry.npmmirror.com/classnames@2.3.2:
    resolution: {integrity: sha512-CSbhY4cFEJRe6/GQzIk5qXZ4Jeg5pcsP7b5peFSDpffpe1cqjASH/n9UTjBwOp6XpMSTwQ8Za2K5V02ueA7Tmw==, registry: https://registry.npm.taobao.org/, tarball: https://registry.npmmirror.com/classnames/-/classnames-2.3.2.tgz}
    name: classnames
    version: 2.3.2
    dev: true

  registry.npmmirror.com/clipboard@2.0.11:
    resolution: {integrity: sha512-C+0bbOqkezLIsmWSvlsXS0Q0bmkugu7jcfMIACB+RDEntIzQIkdr148we28AfSloQLRdZlYL/QYyrq05j/3Faw==, registry: https://registry.npm.taobao.org/, tarball: https://registry.npmmirror.com/clipboard/-/clipboard-2.0.11.tgz}
    name: clipboard
    version: 2.0.11
    dependencies:
      good-listener: registry.npmmirror.com/good-listener@1.2.2
      select: registry.npmmirror.com/select@1.1.2
      tiny-emitter: registry.npmmirror.com/tiny-emitter@2.1.0
    dev: true

  registry.npmmirror.com/core-js-pure@3.31.0:
    resolution: {integrity: sha512-/AnE9Y4OsJZicCzIe97JP5XoPKQJfTuEG43aEVLFJGOJpyqELod+pE6LEl63DfG1Mp8wX97LDaDpy1GmLEUxlg==, registry: https://registry.npm.taobao.org/, tarball: https://registry.npmmirror.com/core-js-pure/-/core-js-pure-3.31.0.tgz}
    name: core-js-pure
    version: 3.31.0
    requiresBuild: true
    dev: false

  registry.npmmirror.com/csstype@3.1.2:
    resolution: {integrity: sha512-I7K1Uu0MBPzaFKg4nI5Q7Vs2t+3gWWW648spaF+Rg7pI9ds18Ugn+lvg4SHczUdKlHI5LWBXyqfS8+DufyBsgQ==, registry: https://registry.npm.taobao.org/, tarball: https://registry.npmmirror.com/csstype/-/csstype-3.1.2.tgz}
    name: csstype
    version: 3.1.2
    dev: true

  registry.npmmirror.com/dayjs@1.11.8:
    resolution: {integrity: sha512-LcgxzFoWMEPO7ggRv1Y2N31hUf2R0Vj7fuy/m+Bg1K8rr+KAs1AEy4y9jd5DXe8pbHgX+srkHNS7TH6Q6ZhYeQ==, registry: https://registry.npm.taobao.org/, tarball: https://registry.npmmirror.com/dayjs/-/dayjs-1.11.8.tgz}
    name: dayjs
    version: 1.11.8
    dev: true

  registry.npmmirror.com/delegate@3.2.0:
    resolution: {integrity: sha512-IofjkYBZaZivn0V8nnsMJGBr4jVLxHDheKSW88PyxS5QC4Vo9ZbZVvhzlSxY87fVq3STR6r+4cGepyHkcWOQSw==, registry: https://registry.npm.taobao.org/, tarball: https://registry.npmmirror.com/delegate/-/delegate-3.2.0.tgz}
    name: delegate
    version: 3.2.0
    dev: true

  registry.npmmirror.com/fsevents@2.3.2:
    resolution: {integrity: sha512-xiqMQR4xAeHTuB9uWm+fFRcIOgKBMiOBP+eXiyT7jsgVCq1bkVygt00oASowB7EdtpOHaaPgKt812P9ab+DDKA==, registry: https://registry.npm.taobao.org/, tarball: https://registry.npmmirror.com/fsevents/-/fsevents-2.3.2.tgz}
    name: fsevents
    version: 2.3.2
    engines: {node: ^8.16.0 || ^10.6.0 || >=11.0.0}
    os: [darwin]
    requiresBuild: true
    dev: true
    optional: true

  registry.npmmirror.com/good-listener@1.2.2:
    resolution: {integrity: sha512-goW1b+d9q/HIwbVYZzZ6SsTr4IgE+WA44A0GmPIQstuOrgsFcT7VEJ48nmr9GaRtNu0XTKacFLGnBPAM6Afouw==, registry: https://registry.npm.taobao.org/, tarball: https://registry.npmmirror.com/good-listener/-/good-listener-1.2.2.tgz}
    name: good-listener
    version: 1.2.2
    dependencies:
      delegate: registry.npmmirror.com/delegate@3.2.0
    dev: true

  registry.npmmirror.com/lodash@4.17.21:
    resolution: {integrity: sha512-v2kDEe57lecTulaDIuNTPy3Ry4gLGJ6Z1O3vE1krgXZNrsQ+LFTGHVxVjcXPs17LhbZVGedAJv8XZ1tvj5FvSg==, registry: https://registry.npm.taobao.org/, tarball: https://registry.npmmirror.com/lodash/-/lodash-4.17.21.tgz}
    name: lodash
    version: 4.17.21
    dev: true

  registry.npmmirror.com/mitt@3.0.0:
    resolution: {integrity: sha512-7dX2/10ITVyqh4aOSVI9gdape+t9l2/8QxHrFmUXu4EEUpdlxl6RudZUPZoc+zuY2hk1j7XxVroIVIan/pD/SQ==, registry: https://registry.npm.taobao.org/, tarball: https://registry.npmmirror.com/mitt/-/mitt-3.0.0.tgz}
    name: mitt
    version: 3.0.0
    dev: true

  registry.npmmirror.com/nanoid@3.3.6:
    resolution: {integrity: sha512-BGcqMMJuToF7i1rt+2PWSNVnWIkGCU78jBG3RxO/bZlnZPK2Cmi2QaffxGO/2RvWi9sL+FAiRiXMgsyxQ1DIDA==, registry: https://registry.npm.taobao.org/, tarball: https://registry.npmmirror.com/nanoid/-/nanoid-3.3.6.tgz}
    name: nanoid
    version: 3.3.6
    engines: {node: ^10 || ^12 || ^13.7 || ^14 || >=15.0.1}
    hasBin: true
    dev: true

  registry.npmmirror.com/performance-now@2.1.0:
    resolution: {integrity: sha512-7EAHlyLHI56VEIdK57uwHdHKIaAGbnXPiw0yWbarQZOKaKpvUIgW0jWRVLiatnM+XXlSwsanIBH/hzGMJulMow==, registry: https://registry.npm.taobao.org/, tarball: https://registry.npmmirror.com/performance-now/-/performance-now-2.1.0.tgz}
    name: performance-now
    version: 2.1.0
    dev: true

  registry.npmmirror.com/picocolors@1.0.0:
    resolution: {integrity: sha512-1fygroTLlHu66zi26VoTDv8yRgm0Fccecssto+MhsZ0D/DGW2sm8E8AjW7NU5VVTRt5GxbeZ5qBuJr+HyLYkjQ==, registry: https://registry.npm.taobao.org/, tarball: https://registry.npmmirror.com/picocolors/-/picocolors-1.0.0.tgz}
    name: picocolors
    version: 1.0.0
    dev: true

  registry.npmmirror.com/postcss@8.4.24:
    resolution: {integrity: sha512-M0RzbcI0sO/XJNucsGjvWU9ERWxb/ytp1w6dKtxTKgixdtQDq4rmx/g8W1hnaheq9jgwL/oyEdH5Bc4WwJKMqg==, registry: https://registry.npm.taobao.org/, tarball: https://registry.npmmirror.com/postcss/-/postcss-8.4.24.tgz}
    name: postcss
    version: 8.4.24
    engines: {node: ^10 || ^12 || >=14}
    dependencies:
      nanoid: registry.npmmirror.com/nanoid@3.3.6
      picocolors: registry.npmmirror.com/picocolors@1.0.0
      source-map-js: registry.npmmirror.com/source-map-js@1.0.2
    dev: true

  registry.npmmirror.com/raf@3.4.1:
    resolution: {integrity: sha512-Sq4CW4QhwOHE8ucn6J34MqtZCeWFP2aQSmrlroYgqAV1PjStIhJXxYuTgUIfkEk7zTLjmIjLmU5q+fbD1NnOJA==, registry: https://registry.npm.taobao.org/, tarball: https://registry.npmmirror.com/raf/-/raf-3.4.1.tgz}
    name: raf
    version: 3.4.1
    dependencies:
      performance-now: registry.npmmirror.com/performance-now@2.1.0
    dev: true

  registry.npmmirror.com/regenerator-runtime@0.13.11:
    resolution: {integrity: sha512-kY1AZVr2Ra+t+piVaJ4gxaFaReZVH40AKNo7UCX6W+dEwBo/2oZJzqfuN1qLq1oL45o56cPaTXELwrTh8Fpggg==, registry: https://registry.npm.taobao.org/, tarball: https://registry.npmmirror.com/regenerator-runtime/-/regenerator-runtime-0.13.11.tgz}
    name: regenerator-runtime
    version: 0.13.11

  registry.npmmirror.com/rollup@3.25.1:
    resolution: {integrity: sha512-tywOR+rwIt5m2ZAWSe5AIJcTat8vGlnPFAv15ycCrw33t6iFsXZ6mzHVFh2psSjxQPmI+xgzMZZizUAukBI4aQ==, registry: https://registry.npm.taobao.org/, tarball: https://registry.npmmirror.com/rollup/-/rollup-3.25.1.tgz}
    name: rollup
    version: 3.25.1
    engines: {node: '>=14.18.0', npm: '>=8.0.0'}
    hasBin: true
    optionalDependencies:
      fsevents: registry.npmmirror.com/fsevents@2.3.2
    dev: true

  registry.npmmirror.com/select@1.1.2:
    resolution: {integrity: sha512-OwpTSOfy6xSs1+pwcNrv0RBMOzI39Lp3qQKUTPVVPRjCdNa5JH/oPRiqsesIskK8TVgmRiHwO4KXlV2Li9dANA==, registry: https://registry.npm.taobao.org/, tarball: https://registry.npmmirror.com/select/-/select-1.1.2.tgz}
    name: select
    version: 1.1.2
    dev: true

  registry.npmmirror.com/sortablejs@1.15.0:
    resolution: {integrity: sha512-bv9qgVMjUMf89wAvM6AxVvS/4MX3sPeN0+agqShejLU5z5GX4C75ow1O2e5k4L6XItUyAK3gH6AxSbXrOM5e8w==, registry: https://registry.npm.taobao.org/, tarball: https://registry.npmmirror.com/sortablejs/-/sortablejs-1.15.0.tgz}
    name: sortablejs
    version: 1.15.0
    dev: true

  registry.npmmirror.com/source-map-js@1.0.2:
    resolution: {integrity: sha512-R0XvVJ9WusLiqTCEiGCmICCMplcCkIwwR11mOSD9CR5u+IXYdiseeEuXCVAjS54zqwkLcPNnmU4OeJ6tUrWhDw==, registry: https://registry.npm.taobao.org/, tarball: https://registry.npmmirror.com/source-map-js/-/source-map-js-1.0.2.tgz}
    name: source-map-js
    version: 1.0.2
    engines: {node: '>=0.10.0'}
    dev: true

  registry.npmmirror.com/source-map@0.6.1:
    resolution: {integrity: sha512-UjgapumWlbMhkBgzT7Ykc5YXUT46F0iKu8SGXq0bcwP5dz/h0Plj6enJqjz1Zbq2l5WaqYnrVbwWOWMyF3F47g==, registry: https://registry.npm.taobao.org/, tarball: https://registry.npmmirror.com/source-map/-/source-map-0.6.1.tgz}
    name: source-map
    version: 0.6.1
    engines: {node: '>=0.10.0'}
    dev: true

  registry.npmmirror.com/tdesign-icons-vue@0.1.10(vue@2.7.14):
    resolution: {integrity: sha512-iIG5Uh3PaSbjWPYakRbwKk6TGTwva+0cibkJjJ3rEpaVAhCCJEo5tzgcFDGC3gs0BCGB4f00v4iSdy/ku/6kYQ==, registry: https://registry.npm.taobao.org/, tarball: https://registry.npmmirror.com/tdesign-icons-vue/-/tdesign-icons-vue-0.1.10.tgz}
    id: registry.npmmirror.com/tdesign-icons-vue/0.1.10
    name: tdesign-icons-vue
    version: 0.1.10
    peerDependencies:
      vue: ^2.6.12
    dependencies:
      '@babel/runtime': registry.npmmirror.com/@babel/runtime@7.22.5
      classnames: registry.npmmirror.com/classnames@2.3.2
      vue: registry.npmmirror.com/vue@2.7.14
    dev: true

  registry.npmmirror.com/tdesign-vue@1.4.4-naruto(vue@2.7.14):
    resolution: {integrity: sha512-hd/b1v3ib5tjrJeacWiKglGyU5iH/xBkPdipzZ0DkvwPO/PQKcMXylSHIRCErfVSSMXw8sCNVh03rneN2R7T2g==, registry: https://registry.npm.taobao.org/, tarball: https://registry.npmmirror.com/tdesign-vue/-/tdesign-vue-1.4.4-naruto.tgz}
    id: registry.npmmirror.com/tdesign-vue/1.4.4-naruto
    name: tdesign-vue
    version: 1.4.4-naruto
    peerDependencies:
      vue: ~2.7.14
    dependencies:
      '@babel/runtime': registry.npmmirror.com/@babel/runtime@7.22.5
      '@popperjs/core': registry.npmmirror.com/@popperjs/core@2.11.8
      '@types/clipboard': registry.npmmirror.com/@types/clipboard@2.0.7
      '@types/lodash': registry.npmmirror.com/@types/lodash@4.14.182
      '@types/raf': registry.npmmirror.com/@types/raf@3.4.0
      '@types/sortablejs': registry.npmmirror.com/@types/sortablejs@1.15.1
      '@types/tinycolor2': registry.npmmirror.com/@types/tinycolor2@1.4.3
      '@types/validator': registry.npmmirror.com/@types/validator@13.7.17
      clipboard: registry.npmmirror.com/clipboard@2.0.11
      dayjs: registry.npmmirror.com/dayjs@1.11.8
      lodash: registry.npmmirror.com/lodash@4.17.21
      mitt: registry.npmmirror.com/mitt@3.0.0
      raf: registry.npmmirror.com/raf@3.4.1
      sortablejs: registry.npmmirror.com/sortablejs@1.15.0
      tdesign-icons-vue: registry.npmmirror.com/tdesign-icons-vue@0.1.10(vue@2.7.14)
      tinycolor2: registry.npmmirror.com/tinycolor2@1.6.0
      validator: registry.npmmirror.com/validator@13.9.0
      vue: registry.npmmirror.com/vue@2.7.14
    dev: true

  registry.npmmirror.com/tiny-emitter@2.1.0:
    resolution: {integrity: sha512-NB6Dk1A9xgQPMoGqC5CVXn123gWyte215ONT5Pp5a0yt4nlEoO1ZWeCwpncaekPHXO60i47ihFnZPiRPjRMq4Q==, registry: https://registry.npm.taobao.org/, tarball: https://registry.npmmirror.com/tiny-emitter/-/tiny-emitter-2.1.0.tgz}
    name: tiny-emitter
    version: 2.1.0
    dev: true

  registry.npmmirror.com/tinycolor2@1.6.0:
    resolution: {integrity: sha512-XPaBkWQJdsf3pLKJV9p4qN/S+fm2Oj8AIPo1BTUhg5oxkvm9+SVEGFdhyOz7tTdUTfvxMiAs4sp6/eZO2Ew+pw==, registry: https://registry.npm.taobao.org/, tarball: https://registry.npmmirror.com/tinycolor2/-/tinycolor2-1.6.0.tgz}
    name: tinycolor2
    version: 1.6.0
    dev: true

  registry.npmmirror.com/to-fast-properties@2.0.0:
    resolution: {integrity: sha512-/OaKK0xYrs3DmxRYqL/yDc+FxFUVYhDlXMhRmv3z915w2HF1tnN1omB354j8VUGO/hbRzyD6Y3sA7v7GS/ceog==, registry: https://registry.npm.taobao.org/, tarball: https://registry.npmmirror.com/to-fast-properties/-/to-fast-properties-2.0.0.tgz}
    name: to-fast-properties
    version: 2.0.0
    engines: {node: '>=4'}
    dev: true

  registry.npmmirror.com/tslib@2.5.3:
    resolution: {integrity: sha512-mSxlJJwl3BMEQCUNnxXBU9jP4JBktcEGhURcPR6VQVlnP0FdDEsIaz0C35dXNGLyRfrATNofF0F5p2KPxQgB+w==, registry: https://registry.npm.taobao.org/, tarball: https://registry.npmmirror.com/tslib/-/tslib-2.5.3.tgz}
    name: tslib
    version: 2.5.3
    dev: false

  registry.npmmirror.com/validator@13.9.0:
    resolution: {integrity: sha512-B+dGG8U3fdtM0/aNK4/X8CXq/EcxU2WPrPEkJGslb47qyHsxmbggTWK0yEA4qnYVNF+nxNlN88o14hIcPmSIEA==, registry: https://registry.npm.taobao.org/, tarball: https://registry.npmmirror.com/validator/-/validator-13.9.0.tgz}
    name: validator
    version: 13.9.0
    engines: {node: '>= 0.10'}
    dev: true

  registry.npmmirror.com/vue@2.7.14:
    resolution: {integrity: sha512-b2qkFyOM0kwqWFuQmgd4o+uHGU7T+2z3T+WQp8UBjADfEv2n4FEMffzBmCKNP0IGzOEEfYjvtcC62xaSKeQDrQ==, registry: https://registry.npm.taobao.org/, tarball: https://registry.npmmirror.com/vue/-/vue-2.7.14.tgz}
    name: vue
    version: 2.7.14
    dependencies:
      '@vue/compiler-sfc': registry.npmmirror.com/@vue/compiler-sfc@2.7.14
      csstype: registry.npmmirror.com/csstype@3.1.2
    dev: true

  registry.npmmirror.com/wangeditor@4.7.15:
    resolution: {integrity: sha512-aPTdREd8BxXVyJ5MI+LU83FQ7u1EPd341iXIorRNYSOvoimNoZ4nPg+yn3FGbB93/owEa6buLw8wdhYnMCJQLg==, registry: https://registry.npm.taobao.org/, tarball: https://registry.npmmirror.com/wangeditor/-/wangeditor-4.7.15.tgz}
    name: wangeditor
    version: 4.7.15
    dependencies:
      '@babel/runtime': registry.npmmirror.com/@babel/runtime@7.22.5
      '@babel/runtime-corejs3': registry.npmmirror.com/@babel/runtime-corejs3@7.22.5
      tslib: registry.npmmirror.com/tslib@2.5.3
    dev: false
